
Microsoft Visual Studio Solution File, Format Version 12.00
# Visual Studio Version 17
VisualStudioVersion = 17.8.34601.278
MinimumVisualStudioVersion = 10.0.40219.1
Project("{2150E333-8FDC-42A3-9474-1A3956D46DE8}") = "PRESENTATION", "PRESENTATION", "{71610D01-0A13-47FC-BFD9-B9F61FCA8470}"
EndProject
Project("{2150E333-8FDC-42A3-9474-1A3956D46DE8}") = "CORE", "CORE", "{95E83692-8606-41FB-B137-281D1F703981}"
EndProject
Project("{2150E333-8FDC-42A3-9474-1A3956D46DE8}") = "INFRA", "INFRA", "{4A852BE7-5FA1-4F49-B049-A444F76F5CA3}"
EndProject
Project("{9A19103F-16F7-4668-BE54-9A1E7A4F7556}") = "MetalCoin.Api", "PRESENTATION\MetalCoin.Api\MetalCoin.Api.csproj", "{D7DE0A7C-822A-42C8-8929-95A12BA789C4}"
EndProject
Project("{9A19103F-16F7-4668-BE54-9A1E7A4F7556}") = "MetalCoin.Web.Spa", "PRESENTATION\MetalCoin.Web.Spa\MetalCoin.Web.Spa.csproj", "{197F5C36-CE0A-4124-89CC-07B55E5B4DA6}"
EndProject
Project("{9A19103F-16F7-4668-BE54-9A1E7A4F7556}") = "MetalCoin.Web.Ssr", "PRESENTATION\MetalCoin.Web.Ssr\MetalCoin.Web.Ssr.csproj", "{0FE73AB7-218A-4614-B30A-2778362801FC}"
EndProject
Project("{9A19103F-16F7-4668-BE54-9A1E7A4F7556}") = "MetalCoin.Application", "APPLICATION\MetalCoin.Application\MetalCoin.Application.csproj", "{FDAF6173-42F9-4595-9BD9-5CD8C94A3AFE}"
EndProject
Project("{9A19103F-16F7-4668-BE54-9A1E7A4F7556}") = "Metalcoin.Core", "APPLICATION\Metalcoin.Core\Metalcoin.Core.csproj", "{A5DC1DE3-D67E-4C3D-91B0-52627653BE81}"
EndProject
Project("{9A19103F-16F7-4668-BE54-9A1E7A4F7556}") = "MetalCoin.Infra", "INFRA\MetalCoin.Infra.Data\MetalCoin.Infra.csproj", "{54B9F57E-2152-43EB-8BB8-58C8FB4AF9E6}"
EndProject
Global
	GlobalSection(SolutionConfigurationPlatforms) = preSolution
		Debug|Any CPU = Debug|Any CPU
		Release|Any CPU = Release|Any CPU
	EndGlobalSection
	GlobalSection(ProjectConfigurationPlatforms) = postSolution
		{D7DE0A7C-822A-42C8-8929-95A12BA789C4}.Debug|Any CPU.ActiveCfg = Debug|Any CPU
		{D7DE0A7C-822A-42C8-8929-95A12BA789C4}.Debug|Any CPU.Build.0 = Debug|Any CPU
		{D7DE0A7C-822A-42C8-8929-95A12BA789C4}.Release|Any CPU.ActiveCfg = Release|Any CPU
		{D7DE0A7C-822A-42C8-8929-95A12BA789C4}.Release|Any CPU.Build.0 = Release|Any CPU
		{197F5C36-CE0A-4124-89CC-07B55E5B4DA6}.Debug|Any CPU.ActiveCfg = Debug|Any CPU
		{197F5C36-CE0A-4124-89CC-07B55E5B4DA6}.Debug|Any CPU.Build.0 = Debug|Any CPU
		{197F5C36-CE0A-4124-89CC-07B55E5B4DA6}.Release|Any CPU.ActiveCfg = Release|Any CPU
		{197F5C36-CE0A-4124-89CC-07B55E5B4DA6}.Release|Any CPU.Build.0 = Release|Any CPU
		{0FE73AB7-218A-4614-B30A-2778362801FC}.Debug|Any CPU.ActiveCfg = Debug|Any CPU
		{0FE73AB7-218A-4614-B30A-2778362801FC}.Debug|Any CPU.Build.0 = Debug|Any CPU
		{0FE73AB7-218A-4614-B30A-2778362801FC}.Release|Any CPU.ActiveCfg = Release|Any CPU
		{0FE73AB7-218A-4614-B30A-2778362801FC}.Release|Any CPU.Build.0 = Release|Any CPU
		{FDAF6173-42F9-4595-9BD9-5CD8C94A3AFE}.Debug|Any CPU.ActiveCfg = Debug|Any CPU
		{FDAF6173-42F9-4595-9BD9-5CD8C94A3AFE}.Debug|Any CPU.Build.0 = Debug|Any CPU
		{FDAF6173-42F9-4595-9BD9-5CD8C94A3AFE}.Release|Any CPU.ActiveCfg = Release|Any CPU
		{FDAF6173-42F9-4595-9BD9-5CD8C94A3AFE}.Release|Any CPU.Build.0 = Release|Any CPU
		{A5DC1DE3-D67E-4C3D-91B0-52627653BE81}.Debug|Any CPU.ActiveCfg = Debug|Any CPU
		{A5DC1DE3-D67E-4C3D-91B0-52627653BE81}.Debug|Any CPU.Build.0 = Debug|Any CPU
		{A5DC1DE3-D67E-4C3D-91B0-52627653BE81}.Release|Any CPU.ActiveCfg = Release|Any CPU
		{A5DC1DE3-D67E-4C3D-91B0-52627653BE81}.Release|Any CPU.Build.0 = Release|Any CPU
		{54B9F57E-2152-43EB-8BB8-58C8FB4AF9E6}.Debug|Any CPU.ActiveCfg = Debug|Any CPU
		{54B9F57E-2152-43EB-8BB8-58C8FB4AF9E6}.Debug|Any CPU.Build.0 = Debug|Any CPU
		{54B9F57E-2152-43EB-8BB8-58C8FB4AF9E6}.Release|Any CPU.ActiveCfg = Release|Any CPU
		{54B9F57E-2152-43EB-8BB8-58C8FB4AF9E6}.Release|Any CPU.Build.0 = Release|Any CPU
	EndGlobalSection
	GlobalSection(SolutionProperties) = preSolution
		HideSolutionNode = FALSE
	EndGlobalSection
	GlobalSection(NestedProjects) = preSolution
		{D7DE0A7C-822A-42C8-8929-95A12BA789C4} = {71610D01-0A13-47FC-BFD9-B9F61FCA8470}
		{197F5C36-CE0A-4124-89CC-07B55E5B4DA6} = {71610D01-0A13-47FC-BFD9-B9F61FCA8470}
		{0FE73AB7-218A-4614-B30A-2778362801FC} = {71610D01-0A13-47FC-BFD9-B9F61FCA8470}
		{FDAF6173-42F9-4595-9BD9-5CD8C94A3AFE} = {95E83692-8606-41FB-B137-281D1F703981}
		{A5DC1DE3-D67E-4C3D-91B0-52627653BE81} = {95E83692-8606-41FB-B137-281D1F703981}
		{54B9F57E-2152-43EB-8BB8-58C8FB4AF9E6} = {4A852BE7-5FA1-4F49-B049-A444F76F5CA3}
	EndGlobalSection
	GlobalSection(ExtensibilityGlobals) = postSolution
		SolutionGuid = {95F4423D-9EF4-458A-9853-DF755167E889}
	EndGlobalSection
EndGlobal
